
Microsoft Visual Studio Solution File, Format Version 12.00
# Visual Studio Version 16
VisualStudioVersion = 16.0.32228.343
MinimumVisualStudioVersion = 10.0.40219.1
Project("{FAE04EC0-301F-11D3-BF4B-00C04F79EFBC}") = "PRNG", "PRNG\PRNG.csproj", "{15BE2F0D-6D2C-433C-A414-6CDE382C3395}"
EndProject
Project("{FAE04EC0-301F-11D3-BF4B-00C04F79EFBC}") = "IMGSRV", "IMGSRV\IMGSRV.csproj", "{83343389-1984-4779-B79E-E51751C9D687}"
EndProject
Project("{FAE04EC0-301F-11D3-BF4B-00C04F79EFBC}") = "Microservices_UI", "Microservices_UI\Microservices_UI.csproj", "{30EB895E-B190-41AD-8563-D91B1E7C949A}"
EndProject
Global
	GlobalSection(SolutionConfigurationPlatforms) = preSolution
		Debug|Any CPU = Debug|Any CPU
		Release|Any CPU = Release|Any CPU
	EndGlobalSection
	GlobalSection(ProjectConfigurationPlatforms) = postSolution
		{15BE2F0D-6D2C-433C-A414-6CDE382C3395}.Debug|Any CPU.ActiveCfg = Debug|Any CPU
		{15BE2F0D-6D2C-433C-A414-6CDE382C3395}.Debug|Any CPU.Build.0 = Debug|Any CPU
		{15BE2F0D-6D2C-433C-A414-6CDE382C3395}.Release|Any CPU.ActiveCfg = Release|Any CPU
		{15BE2F0D-6D2C-433C-A414-6CDE382C3395}.Release|Any CPU.Build.0 = Release|Any CPU
		{83343389-1984-4779-B79E-E51751C9D687}.Debug|Any CPU.ActiveCfg = Debug|Any CPU
		{83343389-1984-4779-B79E-E51751C9D687}.Debug|Any CPU.Build.0 = Debug|Any CPU
		{83343389-1984-4779-B79E-E51751C9D687}.Release|Any CPU.ActiveCfg = Release|Any CPU
		{83343389-1984-4779-B79E-E51751C9D687}.Release|Any CPU.Build.0 = Release|Any CPU
		{30EB895E-B190-41AD-8563-D91B1E7C949A}.Debug|Any CPU.ActiveCfg = Debug|Any CPU
		{30EB895E-B190-41AD-8563-D91B1E7C949A}.Debug|Any CPU.Build.0 = Debug|Any CPU
		{30EB895E-B190-41AD-8563-D91B1E7C949A}.Release|Any CPU.ActiveCfg = Release|Any CPU
		{30EB895E-B190-41AD-8563-D91B1E7C949A}.Release|Any CPU.Build.0 = Release|Any CPU
	EndGlobalSection
	GlobalSection(SolutionProperties) = preSolution
		HideSolutionNode = FALSE
	EndGlobalSection
	GlobalSection(ExtensibilityGlobals) = postSolution
		SolutionGuid = {A22F0DF6-F8B5-49B2-9A52-54124FFB515A}
	EndGlobalSection
EndGlobal
